<?xml version="1.0" encoding="utf-8"?>
<Project ToolsVersion="4.0" xmlns="http://schemas.microsoft.com/developer/msbuild/2003">
  <ItemGroup>
    <Filter Include="Gfx">
      <UniqueIdentifier>{67DA6AB6-F800-4c08-8B7A-83BB121AAD01}</UniqueIdentifier>
      <Extensions>rc;ico;cur;bmp;dlg;rc2;rct;bin;rgs;gif;jpg;jpeg;jpe;resx;tiff;tif;png;wav;mfcribbon-ms</Extensions>
    </Filter>
    <Filter Include="App">
      <UniqueIdentifier>{5aff4952-c173-4f7f-bbfa-a73205a2806c}</UniqueIdentifier>
    </Filter>
    <Filter Include="Input">
      <UniqueIdentifier>{4FC737F1-C7A5-4376-A066-2A32D752A2FF}</UniqueIdentifier>
      <Extensions>cpp;c;cc;cxx;def;odl;idl;hpj;bat;asm;asmx</Extensions>
    </Filter>
    <Filter Include="Utils">
      <UniqueIdentifier>{083dd43b-5487-4387-a2ee-bd26404d7287}</UniqueIdentifier>
    </Filter>
    <Filter Include="Utils\Math">
      <UniqueIdentifier>{9c7c6110-46ef-47c0-84bd-6ca69cd7f397}</UniqueIdentifier>
    </Filter>
    <Filter Include="Utils\Math\Mtx44">
      <UniqueIdentifier>{6ee3785d-565d-4b14-9da1-01f230c85744}</UniqueIdentifier>
    </Filter>
    <Filter Include="Utils\Math\Vec2">
      <UniqueIdentifier>{cb54ca82-cc30-4ebc-94ad-08b167c9e377}</UniqueIdentifier>
    </Filter>
    <Filter Include="Utils\Math\Intersect">
      <UniqueIdentifier>{9d86c81b-f661-4d1a-bf95-3ab9b37f4f5b}</UniqueIdentifier>
    </Filter>
    <Filter Include="Utils\Random">
      <UniqueIdentifier>{a581b05e-e81a-433d-a132-0f4b98e4547c}</UniqueIdentifier>
    </Filter>
    <Filter Include="GameData">
      <UniqueIdentifier>{30f76331-60b9-4c9d-a51a-dbf4fff5d8b9}</UniqueIdentifier>
    </Filter>
    <Filter Include="Utils\Debug">
      <UniqueIdentifier>{800a806a-66ce-4cf1-9810-f02bcefade99}</UniqueIdentifier>
    </Filter>
    <Filter Include="Stages">
      <UniqueIdentifier>{1e21e305-e1b8-4f03-a054-d8359d706890}</UniqueIdentifier>
    </Filter>
    <Filter Include="Stages\BaseStage">
      <UniqueIdentifier>{007840d8-e61b-43e8-8d82-0ff46e6eb0f0}</UniqueIdentifier>
    </Filter>
    <Filter Include="Stages\StageMgr">
      <UniqueIdentifier>{830d4a6f-1855-4dfb-b09d-09ad7f3ba7b5}</UniqueIdentifier>
    </Filter>
    <Filter Include="Stages\StageFactory">
      <UniqueIdentifier>{982a4550-e690-435e-8676-d6e03a2eb9e6}</UniqueIdentifier>
    </Filter>
    <Filter Include="Stages\StageBuilder">
      <UniqueIdentifier>{98755da1-d0d1-4908-8e97-cb2ca834b68f}</UniqueIdentifier>
    </Filter>
    <Filter Include="Utils\Timer">
      <UniqueIdentifier>{7bf50f7c-6fc5-4b6e-a882-779c57c03caa}</UniqueIdentifier>
    </Filter>
    <Filter Include="Objects">
      <UniqueIdentifier>{31be0cc4-1a05-46a8-a9af-6bd281c35be1}</UniqueIdentifier>
    </Filter>
    <Filter Include="Components">
      <UniqueIdentifier>{d70fa63a-e0d0-476e-96d7-6055924c0ed8}</UniqueIdentifier>
    </Filter>
    <Filter Include="Components\GfxComponent">
      <UniqueIdentifier>{cde13e08-094b-4438-8a29-734a4afa3159}</UniqueIdentifier>
    </Filter>
    <Filter Include="Gfx\ResourceManager">
      <UniqueIdentifier>{18ca5a73-75ea-4895-8ef8-d049b9402b11}</UniqueIdentifier>
    </Filter>
    <Filter Include="Utils\IniFile">
      <UniqueIdentifier>{df88b6d6-d7dc-4cc7-b5cd-69cd1ccd9d19}</UniqueIdentifier>
    </Filter>
    <Filter Include="Components\BaseComponent">
      <UniqueIdentifier>{531078ae-7c17-4f9b-b0dc-74916aa1b873}</UniqueIdentifier>
    </Filter>
  </ItemGroup>
  <ItemGroup>
    <ClCompile Include="Source\M5Math.cpp">
      <Filter>Utils\Math</Filter>
    </ClCompile>
    <ClCompile Include="Source\M5Mtx44.cpp">
      <Filter>Utils\Math\Mtx44</Filter>
    </ClCompile>
    <ClCompile Include="Source\M5Intersect.cpp">
      <Filter>Utils\Math\Intersect</Filter>
    </ClCompile>
    <ClCompile Include="Source\M5Vec2.cpp">
      <Filter>Utils\Math\Vec2</Filter>
    </ClCompile>
    <ClCompile Include="Source\M5Random.cpp">
      <Filter>Utils\Random</Filter>
    </ClCompile>
    <ClCompile Include="Source\M5Input.cpp">
      <Filter>Input</Filter>
    </ClCompile>
    <ClCompile Include="Source\M5App.cpp">
      <Filter>App</Filter>
    </ClCompile>
    <ClCompile Include="Source\M5Gfx.cpp">
      <Filter>Gfx</Filter>
    </ClCompile>
    <ClCompile Include="Source\M5Timer.cpp">
      <Filter>Utils\Timer</Filter>
    </ClCompile>
    <ClCompile Include="Source\M5Debug.cpp">
      <Filter>Utils\Debug</Filter>
    </ClCompile>
    <ClCompile Include="Source\M5StageFactory.cpp">
      <Filter>Stages\StageFactory</Filter>
    </ClCompile>
    <ClCompile Include="Source\M5StageMgr.cpp">
      <Filter>Stages\StageMgr</Filter>
    </ClCompile>
    <ClCompile Include="Source\GfxComponent.cpp">
      <Filter>Components\GfxComponent</Filter>
    </ClCompile>
    <ClCompile Include="Source\M5Object.cpp">
      <Filter>Objects</Filter>
    </ClCompile>
    <ClCompile Include="Source\M5ResourceManager.cpp">
      <Filter>Gfx\ResourceManager</Filter>
    </ClCompile>
    <ClCompile Include="Source\M5IniFile.cpp">
      <Filter>Utils\IniFile</Filter>
    </ClCompile>
  </ItemGroup>
  <ItemGroup>
    <ClInclude Include="Source\M5Math.h">
      <Filter>Utils\Math</Filter>
    </ClInclude>
    <ClInclude Include="Source\M5Mtx44.h">
      <Filter>Utils\Math\Mtx44</Filter>
    </ClInclude>
    <ClInclude Include="Source\M5Intersect.h">
      <Filter>Utils\Math\Intersect</Filter>
    </ClInclude>
    <ClInclude Include="Source\M5Vec2.h">
      <Filter>Utils\Math\Vec2</Filter>
    </ClInclude>
    <ClInclude Include="Source\M5Random.h">
      <Filter>Utils\Random</Filter>
    </ClInclude>
    <ClInclude Include="Source\M5Input.h">
      <Filter>Input</Filter>
    </ClInclude>
    <ClInclude Include="Source\M5GameData.h">
      <Filter>GameData</Filter>
    </ClInclude>
    <ClInclude Include="Source\M5App.h">
      <Filter>App</Filter>
    </ClInclude>
    <ClInclude Include="Source\M5Gfx.h">
      <Filter>Gfx</Filter>
    </ClInclude>
    <ClInclude Include="Source\M5Timer.h">
      <Filter>Utils\Timer</Filter>
    </ClInclude>
    <ClInclude Include="Source\M5Debug.h">
      <Filter>Utils\Debug</Filter>
    </ClInclude>
    <ClInclude Include="Source\M5StageFactory.h">
      <Filter>Stages\StageFactory</Filter>
    </ClInclude>
    <ClInclude Include="Source\M5Stage.h">
      <Filter>Stages\BaseStage</Filter>
    </ClInclude>
    <ClInclude Include="Source\M5StageBuilder.h">
      <Filter>Stages\StageBuilder</Filter>
    </ClInclude>
    <ClInclude Include="Source\M5TemplateBuilder.h">
      <Filter>Stages\StageBuilder</Filter>
    </ClInclude>
    <ClInclude Include="Source\M5StageMgr.h">
      <Filter>Stages\StageMgr</Filter>
    </ClInclude>
    <ClInclude Include="Source\M5ObjectManager.h">
      <Filter>Objects</Filter>
    </ClInclude>
    <ClInclude Include="Source\GfxComponent.h">
      <Filter>Components\GfxComponent</Filter>
    </ClInclude>
    <ClInclude Include="Source\M5Object.h">
      <Filter>Objects</Filter>
    </ClInclude>
    <ClInclude Include="Source\M5ResourceManager.h">
      <Filter>Gfx\ResourceManager</Filter>
    </ClInclude>
    <ClInclude Include="Source\M5IniFile.h">
      <Filter>Utils\IniFile</Filter>
    </ClInclude>
    <ClInclude Include="Source\M5ComponentFactory.h">
      <Filter>Components</Filter>
    </ClInclude>
    <ClInclude Include="Source\M5StageTypes.h">
      <Filter>Stages\BaseStage</Filter>
    </ClInclude>
    <ClInclude Include="Source\M5Component.h">
      <Filter>Components\BaseComponent</Filter>
    </ClInclude>
    <ClInclude Include="Source\M5ComponentTypes.h">
      <Filter>Components\BaseComponent</Filter>
    </ClInclude>
  </ItemGroup>
  <ItemGroup>
    <Text Include="ReadMe.txt" />
  </ItemGroup>
</Project>